// !$*UTF8*$!
{
	archiveVersion = 1;
	classes = {
	};
	objectVersion = 46;
	objects = {

/* Begin PBXBuildFile section */
		426E59E13A994B1A83AC643F /* libPods.a in Frameworks */ = {isa = PBXBuildFile; fileRef = A9EC874056084B9783E6E807 /* libPods.a */; };
		FB396FC519ACEBB200A289D6 /* 500_students.json in Resources */ = {isa = PBXBuildFile; fileRef = FB396FC219ACEBB200A289D6 /* 500_students.json */; };
		FB396FC619ACEBB200A289D6 /* 1000_students.json in Resources */ = {isa = PBXBuildFile; fileRef = FB396FC319ACEBB200A289D6 /* 1000_students.json */; };
		FB396FC719ACEBB200A289D6 /* 5000_students.json in Resources */ = {isa = PBXBuildFile; fileRef = FB396FC419ACEBB200A289D6 /* 5000_students.json */; };
		FB396FCC19AD0DB200A289D6 /* 1_students.json in Resources */ = {isa = PBXBuildFile; fileRef = FB396FC819AD0DB200A289D6 /* 1_students.json */; };
		FB396FCD19AD0DB200A289D6 /* 10_students.json in Resources */ = {isa = PBXBuildFile; fileRef = FB396FC919AD0DB200A289D6 /* 10_students.json */; };
		FB396FCE19AD0DB200A289D6 /* 50_students.json in Resources */ = {isa = PBXBuildFile; fileRef = FB396FCA19AD0DB200A289D6 /* 50_students.json */; };
		FB396FCF19AD0DB200A289D6 /* 100_students.json in Resources */ = {isa = PBXBuildFile; fileRef = FB396FCB19AD0DB200A289D6 /* 100_students.json */; };
		FB4743B819A54DB400DF3378 /* Foundation.framework in Frameworks */ = {isa = PBXBuildFile; fileRef = FB4743B719A54DB400DF3378 /* Foundation.framework */; };
		FB4743BA19A54DB400DF3378 /* CoreGraphics.framework in Frameworks */ = {isa = PBXBuildFile; fileRef = FB4743B919A54DB400DF3378 /* CoreGraphics.framework */; };
		FB4743BC19A54DB400DF3378 /* UIKit.framework in Frameworks */ = {isa = PBXBuildFile; fileRef = FB4743BB19A54DB400DF3378 /* UIKit.framework */; };
		FB4743C219A54DB400DF3378 /* InfoPlist.strings in Resources */ = {isa = PBXBuildFile; fileRef = FB4743C019A54DB400DF3378 /* InfoPlist.strings */; };
		FB4743C419A54DB400DF3378 /* main.m in Sources */ = {isa = PBXBuildFile; fileRef = FB4743C319A54DB400DF3378 /* main.m */; };
		FB4743C819A54DB400DF3378 /* AppDelegate.m in Sources */ = {isa = PBXBuildFile; fileRef = FB4743C719A54DB400DF3378 /* AppDelegate.m */; };
		FB4743CB19A54DB500DF3378 /* Main_iPhone.storyboard in Resources */ = {isa = PBXBuildFile; fileRef = FB4743C919A54DB500DF3378 /* Main_iPhone.storyboard */; };
		FB4743CE19A54DB500DF3378 /* Main_iPad.storyboard in Resources */ = {isa = PBXBuildFile; fileRef = FB4743CC19A54DB500DF3378 /* Main_iPad.storyboard */; };
		FB4743D119A54DB500DF3378 /* ViewController.m in Sources */ = {isa = PBXBuildFile; fileRef = FB4743D019A54DB500DF3378 /* ViewController.m */; };
		FB4743D319A54DB500DF3378 /* Images.xcassets in Resources */ = {isa = PBXBuildFile; fileRef = FB4743D219A54DB500DF3378 /* Images.xcassets */; };
		FB4743DA19A54DB500DF3378 /* XCTest.framework in Frameworks */ = {isa = PBXBuildFile; fileRef = FB4743D919A54DB500DF3378 /* XCTest.framework */; };
		FB4743DB19A54DB500DF3378 /* Foundation.framework in Frameworks */ = {isa = PBXBuildFile; fileRef = FB4743B719A54DB400DF3378 /* Foundation.framework */; };
		FB4743DC19A54DB500DF3378 /* UIKit.framework in Frameworks */ = {isa = PBXBuildFile; fileRef = FB4743BB19A54DB400DF3378 /* UIKit.framework */; };
		FB4743E419A54DB500DF3378 /* InfoPlist.strings in Resources */ = {isa = PBXBuildFile; fileRef = FB4743E219A54DB500DF3378 /* InfoPlist.strings */; };
		FB4743E619A54DB500DF3378 /* RestkitRelationshipMappingBenchmarkTests.m in Sources */ = {isa = PBXBuildFile; fileRef = FB4743E519A54DB500DF3378 /* RestkitRelationshipMappingBenchmarkTests.m */; };
		FB4743F619A54DFC00DF3378 /* NetworkManager.m in Sources */ = {isa = PBXBuildFile; fileRef = FB4743F119A54DFC00DF3378 /* NetworkManager.m */; };
		FB4743F719A54DFC00DF3378 /* NetworkManager.m in Sources */ = {isa = PBXBuildFile; fileRef = FB4743F119A54DFC00DF3378 /* NetworkManager.m */; };
		FB4743F819A54DFC00DF3378 /* RMBClass.m in Sources */ = {isa = PBXBuildFile; fileRef = FB4743F319A54DFC00DF3378 /* RMBClass.m */; };
		FB4743F919A54DFC00DF3378 /* RMBClass.m in Sources */ = {isa = PBXBuildFile; fileRef = FB4743F319A54DFC00DF3378 /* RMBClass.m */; };
		FB4743FA19A54DFC00DF3378 /* RMBStudent.m in Sources */ = {isa = PBXBuildFile; fileRef = FB4743F519A54DFC00DF3378 /* RMBStudent.m */; };
		FB4743FB19A54DFC00DF3378 /* RMBStudent.m in Sources */ = {isa = PBXBuildFile; fileRef = FB4743F519A54DFC00DF3378 /* RMBStudent.m */; };
		FB47440619A54E1800DF3378 /* 10000_students.json in Resources */ = {isa = PBXBuildFile; fileRef = FB4743FF19A54E1800DF3378 /* 10000_students.json */; };
		FB47440719A54E1800DF3378 /* 10000_students.json in Resources */ = {isa = PBXBuildFile; fileRef = FB4743FF19A54E1800DF3378 /* 10000_students.json */; };
		FBAF246719A65C7F00183686 /* NSDictionary+MapArrayOfDictionariesIntoArrayOfObjects.m in Sources */ = {isa = PBXBuildFile; fileRef = FBAF246619A65C7F00183686 /* NSDictionary+MapArrayOfDictionariesIntoArrayOfObjects.m */; };
/* End PBXBuildFile section */

/* Begin PBXContainerItemProxy section */
		FB4743DD19A54DB500DF3378 /* PBXContainerItemProxy */ = {
			isa = PBXContainerItemProxy;
			containerPortal = FB4743AC19A54DB400DF3378 /* Project object */;
			proxyType = 1;
			remoteGlobalIDString = FB4743B319A54DB400DF3378;
			remoteInfo = RestkitRelationshipMappingBenchmark;
		};
/* End PBXContainerItemProxy section */

/* Begin PBXFileReference section */
		5BC489F79CB547DD8471B403 /* Pods.xcconfig */ = {isa = PBXFileReference; includeInIndex = 1; lastKnownFileType = text.xcconfig; name = Pods.xcconfig; path = Pods/Pods.xcconfig; sourceTree = "<group>"; };
		A9EC874056084B9783E6E807 /* libPods.a */ = {isa = PBXFileReference; explicitFileType = archive.ar; includeInIndex = 0; path = libPods.a; sourceTree = BUILT_PRODUCTS_DIR; };
		FB396FC219ACEBB200A289D6 /* 500_students.json */ = {isa = PBXFileReference; fileEncoding = 4; lastKnownFileType = text.json; path = 500_students.json; sourceTree = "<group>"; };
		FB396FC319ACEBB200A289D6 /* 1000_students.json */ = {isa = PBXFileReference; fileEncoding = 4; lastKnownFileType = text.json; path = 1000_students.json; sourceTree = "<group>"; };
		FB396FC419ACEBB200A289D6 /* 5000_students.json */ = {isa = PBXFileReference; fileEncoding = 4; lastKnownFileType = text.json; path = 5000_students.json; sourceTree = "<group>"; };
		FB396FC819AD0DB200A289D6 /* 1_students.json */ = {isa = PBXFileReference; fileEncoding = 4; lastKnownFileType = text.json; path = 1_students.json; sourceTree = "<group>"; };
		FB396FC919AD0DB200A289D6 /* 10_students.json */ = {isa = PBXFileReference; fileEncoding = 4; lastKnownFileType = text.json; path = 10_students.json; sourceTree = "<group>"; };
		FB396FCA19AD0DB200A289D6 /* 50_students.json */ = {isa = PBXFileReference; fileEncoding = 4; lastKnownFileType = text.json; path = 50_students.json; sourceTree = "<group>"; };
		FB396FCB19AD0DB200A289D6 /* 100_students.json */ = {isa = PBXFileReference; fileEncoding = 4; lastKnownFileType = text.json; path = 100_students.json; sourceTree = "<group>"; };
		FB4743B419A54DB400DF3378 /* RestkitRelationshipMappingBenchmark.app */ = {isa = PBXFileReference; explicitFileType = wrapper.application; includeInIndex = 0; path = RestkitRelationshipMappingBenchmark.app; sourceTree = BUILT_PRODUCTS_DIR; };
		FB4743B719A54DB400DF3378 /* Foundation.framework */ = {isa = PBXFileReference; lastKnownFileType = wrapper.framework; name = Foundation.framework; path = System/Library/Frameworks/Foundation.framework; sourceTree = SDKROOT; };
		FB4743B919A54DB400DF3378 /* CoreGraphics.framework */ = {isa = PBXFileReference; lastKnownFileType = wrapper.framework; name = CoreGraphics.framework; path = System/Library/Frameworks/CoreGraphics.framework; sourceTree = SDKROOT; };
		FB4743BB19A54DB400DF3378 /* UIKit.framework */ = {isa = PBXFileReference; lastKnownFileType = wrapper.framework; name = UIKit.framework; path = System/Library/Frameworks/UIKit.framework; sourceTree = SDKROOT; };
		FB4743BF19A54DB400DF3378 /* RestkitRelationshipMappingBenchmark-Info.plist */ = {isa = PBXFileReference; lastKnownFileType = text.plist.xml; path = "RestkitRelationshipMappingBenchmark-Info.plist"; sourceTree = "<group>"; };
		FB4743C119A54DB400DF3378 /* en */ = {isa = PBXFileReference; lastKnownFileType = text.plist.strings; name = en; path = en.lproj/InfoPlist.strings; sourceTree = "<group>"; };
		FB4743C319A54DB400DF3378 /* main.m */ = {isa = PBXFileReference; lastKnownFileType = sourcecode.c.objc; path = main.m; sourceTree = "<group>"; };
		FB4743C519A54DB400DF3378 /* RestkitRelationshipMappingBenchmark-Prefix.pch */ = {isa = PBXFileReference; lastKnownFileType = sourcecode.c.h; path = "RestkitRelationshipMappingBenchmark-Prefix.pch"; sourceTree = "<group>"; };
		FB4743C619A54DB400DF3378 /* AppDelegate.h */ = {isa = PBXFileReference; lastKnownFileType = sourcecode.c.h; path = AppDelegate.h; sourceTree = "<group>"; };
		FB4743C719A54DB400DF3378 /* AppDelegate.m */ = {isa = PBXFileReference; lastKnownFileType = sourcecode.c.objc; path = AppDelegate.m; sourceTree = "<group>"; };
		FB4743CA19A54DB500DF3378 /* Base */ = {isa = PBXFileReference; lastKnownFileType = file.storyboard; name = Base; path = Base.lproj/Main_iPhone.storyboard; sourceTree = "<group>"; };
		FB4743CD19A54DB500DF3378 /* Base */ = {isa = PBXFileReference; lastKnownFileType = file.storyboard; name = Base; path = Base.lproj/Main_iPad.storyboard; sourceTree = "<group>"; };
		FB4743CF19A54DB500DF3378 /* ViewController.h */ = {isa = PBXFileReference; lastKnownFileType = sourcecode.c.h; path = ViewController.h; sourceTree = "<group>"; };
		FB4743D019A54DB500DF3378 /* ViewController.m */ = {isa = PBXFileReference; lastKnownFileType = sourcecode.c.objc; path = ViewController.m; sourceTree = "<group>"; };
		FB4743D219A54DB500DF3378 /* Images.xcassets */ = {isa = PBXFileReference; lastKnownFileType = folder.assetcatalog; path = Images.xcassets; sourceTree = "<group>"; };
		FB4743D819A54DB500DF3378 /* RestkitRelationshipMappingBenchmarkTests.xctest */ = {isa = PBXFileReference; explicitFileType = wrapper.cfbundle; includeInIndex = 0; path = RestkitRelationshipMappingBenchmarkTests.xctest; sourceTree = BUILT_PRODUCTS_DIR; };
		FB4743D919A54DB500DF3378 /* XCTest.framework */ = {isa = PBXFileReference; lastKnownFileType = wrapper.framework; name = XCTest.framework; path = Library/Frameworks/XCTest.framework; sourceTree = DEVELOPER_DIR; };
		FB4743E119A54DB500DF3378 /* RestkitRelationshipMappingBenchmarkTests-Info.plist */ = {isa = PBXFileReference; lastKnownFileType = text.plist.xml; path = "RestkitRelationshipMappingBenchmarkTests-Info.plist"; sourceTree = "<group>"; };
		FB4743E319A54DB500DF3378 /* en */ = {isa = PBXFileReference; lastKnownFileType = text.plist.strings; name = en; path = en.lproj/InfoPlist.strings; sourceTree = "<group>"; };
		FB4743E519A54DB500DF3378 /* RestkitRelationshipMappingBenchmarkTests.m */ = {isa = PBXFileReference; lastKnownFileType = sourcecode.c.objc; path = RestkitRelationshipMappingBenchmarkTests.m; sourceTree = "<group>"; };
		FB4743F019A54DFC00DF3378 /* NetworkManager.h */ = {isa = PBXFileReference; fileEncoding = 4; lastKnownFileType = sourcecode.c.h; path = NetworkManager.h; sourceTree = "<group>"; };
		FB4743F119A54DFC00DF3378 /* NetworkManager.m */ = {isa = PBXFileReference; fileEncoding = 4; lastKnownFileType = sourcecode.c.objc; path = NetworkManager.m; sourceTree = "<group>"; };
		FB4743F219A54DFC00DF3378 /* RMBClass.h */ = {isa = PBXFileReference; fileEncoding = 4; lastKnownFileType = sourcecode.c.h; path = RMBClass.h; sourceTree = "<group>"; };
		FB4743F319A54DFC00DF3378 /* RMBClass.m */ = {isa = PBXFileReference; fileEncoding = 4; lastKnownFileType = sourcecode.c.objc; path = RMBClass.m; sourceTree = "<group>"; };
		FB4743F419A54DFC00DF3378 /* RMBStudent.h */ = {isa = PBXFileReference; fileEncoding = 4; lastKnownFileType = sourcecode.c.h; path = RMBStudent.h; sourceTree = "<group>"; };
		FB4743F519A54DFC00DF3378 /* RMBStudent.m */ = {isa = PBXFileReference; fileEncoding = 4; lastKnownFileType = sourcecode.c.objc; path = RMBStudent.m; sourceTree = "<group>"; };
		FB4743FF19A54E1800DF3378 /* 10000_students.json */ = {isa = PBXFileReference; fileEncoding = 4; lastKnownFileType = text.json; path = 10000_students.json; sourceTree = "<group>"; };
		FBAF246519A65C7F00183686 /* NSDictionary+MapArrayOfDictionariesIntoArrayOfObjects.h */ = {isa = PBXFileReference; fileEncoding = 4; lastKnownFileType = sourcecode.c.h; path = "NSDictionary+MapArrayOfDictionariesIntoArrayOfObjects.h"; sourceTree = "<group>"; };
		FBAF246619A65C7F00183686 /* NSDictionary+MapArrayOfDictionariesIntoArrayOfObjects.m */ = {isa = PBXFileReference; fileEncoding = 4; lastKnownFileType = sourcecode.c.objc; path = "NSDictionary+MapArrayOfDictionariesIntoArrayOfObjects.m"; sourceTree = "<group>"; };
/* End PBXFileReference section */

/* Begin PBXFrameworksBuildPhase section */
		FB4743B119A54DB400DF3378 /* Frameworks */ = {
			isa = PBXFrameworksBuildPhase;
			buildActionMask = 2147483647;
			files = (
				FB4743BA19A54DB400DF3378 /* CoreGraphics.framework in Frameworks */,
				FB4743BC19A54DB400DF3378 /* UIKit.framework in Frameworks */,
				FB4743B819A54DB400DF3378 /* Foundation.framework in Frameworks */,
				426E59E13A994B1A83AC643F /* libPods.a in Frameworks */,
			);
			runOnlyForDeploymentPostprocessing = 0;
		};
		FB4743D519A54DB500DF3378 /* Frameworks */ = {
			isa = PBXFrameworksBuildPhase;
			buildActionMask = 2147483647;
			files = (
				FB4743DA19A54DB500DF3378 /* XCTest.framework in Frameworks */,
				FB4743DC19A54DB500DF3378 /* UIKit.framework in Frameworks */,
				FB4743DB19A54DB500DF3378 /* Foundation.framework in Frameworks */,
			);
			runOnlyForDeploymentPostprocessing = 0;
		};
/* End PBXFrameworksBuildPhase section */

/* Begin PBXGroup section */
		FB4743AB19A54DB400DF3378 = {
			isa = PBXGroup;
			children = (
				FB4743BD19A54DB400DF3378 /* RestkitRelationshipMappingBenchmark */,
				FB4743DF19A54DB500DF3378 /* RestkitRelationshipMappingBenchmarkTests */,
				FB4743B619A54DB400DF3378 /* Frameworks */,
				FB4743B519A54DB400DF3378 /* Products */,
				5BC489F79CB547DD8471B403 /* Pods.xcconfig */,
			);
			sourceTree = "<group>";
		};
		FB4743B519A54DB400DF3378 /* Products */ = {
			isa = PBXGroup;
			children = (
				FB4743B419A54DB400DF3378 /* RestkitRelationshipMappingBenchmark.app */,
				FB4743D819A54DB500DF3378 /* RestkitRelationshipMappingBenchmarkTests.xctest */,
			);
			name = Products;
			sourceTree = "<group>";
		};
		FB4743B619A54DB400DF3378 /* Frameworks */ = {
			isa = PBXGroup;
			children = (
				FB4743B719A54DB400DF3378 /* Foundation.framework */,
				FB4743B919A54DB400DF3378 /* CoreGraphics.framework */,
				FB4743BB19A54DB400DF3378 /* UIKit.framework */,
				FB4743D919A54DB500DF3378 /* XCTest.framework */,
				A9EC874056084B9783E6E807 /* libPods.a */,
			);
			name = Frameworks;
			sourceTree = "<group>";
		};
		FB4743BD19A54DB400DF3378 /* RestkitRelationshipMappingBenchmark */ = {
			isa = PBXGroup;
			children = (
				FBAF246519A65C7F00183686 /* NSDictionary+MapArrayOfDictionariesIntoArrayOfObjects.h */,
				FBAF246619A65C7F00183686 /* NSDictionary+MapArrayOfDictionariesIntoArrayOfObjects.m */,
				FB4743F019A54DFC00DF3378 /* NetworkManager.h */,
				FB4743F119A54DFC00DF3378 /* NetworkManager.m */,
				FB4743F219A54DFC00DF3378 /* RMBClass.h */,
				FB4743F319A54DFC00DF3378 /* RMBClass.m */,
				FB4743F419A54DFC00DF3378 /* RMBStudent.h */,
				FB4743F519A54DFC00DF3378 /* RMBStudent.m */,
				FB4743EF19A54DCB00DF3378 /* Default Xcode Template Files */,
				FB4743BE19A54DB400DF3378 /* Supporting Files */,
			);
			path = RestkitRelationshipMappingBenchmark;
			sourceTree = "<group>";
		};
		FB4743BE19A54DB400DF3378 /* Supporting Files */ = {
			isa = PBXGroup;
			children = (
				FB4743BF19A54DB400DF3378 /* RestkitRelationshipMappingBenchmark-Info.plist */,
				FB4743C019A54DB400DF3378 /* InfoPlist.strings */,
				FB4743C319A54DB400DF3378 /* main.m */,
				FB4743C519A54DB400DF3378 /* RestkitRelationshipMappingBenchmark-Prefix.pch */,
			);
			name = "Supporting Files";
			sourceTree = "<group>";
		};
		FB4743DF19A54DB500DF3378 /* RestkitRelationshipMappingBenchmarkTests */ = {
			isa = PBXGroup;
			children = (
				FB396FC819AD0DB200A289D6 /* 1_students.json */,
				FB396FC919AD0DB200A289D6 /* 10_students.json */,
				FB396FCA19AD0DB200A289D6 /* 50_students.json */,
				FB396FCB19AD0DB200A289D6 /* 100_students.json */,
				FB396FC219ACEBB200A289D6 /* 500_students.json */,
				FB396FC319ACEBB200A289D6 /* 1000_students.json */,
				FB396FC419ACEBB200A289D6 /* 5000_students.json */,
				FB4743FF19A54E1800DF3378 /* 10000_students.json */,
				FB4743E519A54DB500DF3378 /* RestkitRelationshipMappingBenchmarkTests.m */,
				FB4743E019A54DB500DF3378 /* Supporting Files */,
			);
			path = RestkitRelationshipMappingBenchmarkTests;
			sourceTree = "<group>";
		};
		FB4743E019A54DB500DF3378 /* Supporting Files */ = {
			isa = PBXGroup;
			children = (
				FB4743E119A54DB500DF3378 /* RestkitRelationshipMappingBenchmarkTests-Info.plist */,
				FB4743E219A54DB500DF3378 /* InfoPlist.strings */,
			);
			name = "Supporting Files";
			sourceTree = "<group>";
		};
		FB4743EF19A54DCB00DF3378 /* Default Xcode Template Files */ = {
			isa = PBXGroup;
			children = (
				FB4743C619A54DB400DF3378 /* AppDelegate.h */,
				FB4743C719A54DB400DF3378 /* AppDelegate.m */,
				FB4743C919A54DB500DF3378 /* Main_iPhone.storyboard */,
				FB4743CC19A54DB500DF3378 /* Main_iPad.storyboard */,
				FB4743CF19A54DB500DF3378 /* ViewController.h */,
				FB4743D019A54DB500DF3378 /* ViewController.m */,
				FB4743D219A54DB500DF3378 /* Images.xcassets */,
			);
			name = "Default Xcode Template Files";
			sourceTree = "<group>";
		};
/* End PBXGroup section */

/* Begin PBXNativeTarget section */
		FB4743B319A54DB400DF3378 /* RestkitRelationshipMappingBenchmark */ = {
			isa = PBXNativeTarget;
			buildConfigurationList = FB4743E919A54DB500DF3378 /* Build configuration list for PBXNativeTarget "RestkitRelationshipMappingBenchmark" */;
			buildPhases = (
				253AB2C9869447B9A836F9C1 /* Check Pods Manifest.lock */,
				FB4743B019A54DB400DF3378 /* Sources */,
				FB4743B119A54DB400DF3378 /* Frameworks */,
				FB4743B219A54DB400DF3378 /* Resources */,
				A50B05CCEFA9435B9D9C8325 /* Copy Pods Resources */,
			);
			buildRules = (
			);
			dependencies = (
			);
			name = RestkitRelationshipMappingBenchmark;
			productName = RestkitRelationshipMappingBenchmark;
			productReference = FB4743B419A54DB400DF3378 /* RestkitRelationshipMappingBenchmark.app */;
			productType = "com.apple.product-type.application";
		};
		FB4743D719A54DB500DF3378 /* RestkitRelationshipMappingBenchmarkTests */ = {
			isa = PBXNativeTarget;
			buildConfigurationList = FB4743EC19A54DB500DF3378 /* Build configuration list for PBXNativeTarget "RestkitRelationshipMappingBenchmarkTests" */;
			buildPhases = (
				FB4743D419A54DB500DF3378 /* Sources */,
				FB4743D519A54DB500DF3378 /* Frameworks */,
				FB4743D619A54DB500DF3378 /* Resources */,
			);
			buildRules = (
			);
			dependencies = (
				FB4743DE19A54DB500DF3378 /* PBXTargetDependency */,
			);
			name = RestkitRelationshipMappingBenchmarkTests;
			productName = RestkitRelationshipMappingBenchmarkTests;
			productReference = FB4743D819A54DB500DF3378 /* RestkitRelationshipMappingBenchmarkTests.xctest */;
			productType = "com.apple.product-type.bundle.unit-test";
		};
/* End PBXNativeTarget section */

/* Begin PBXProject section */
		FB4743AC19A54DB400DF3378 /* Project object */ = {
			isa = PBXProject;
			attributes = {
				LastUpgradeCheck = 0510;
				TargetAttributes = {
					FB4743D719A54DB500DF3378 = {
						TestTargetID = FB4743B319A54DB400DF3378;
					};
				};
			};
			buildConfigurationList = FB4743AF19A54DB400DF3378 /* Build configuration list for PBXProject "RestkitRelationshipMappingBenchmark" */;
			compatibilityVersion = "Xcode 3.2";
			developmentRegion = English;
			hasScannedForEncodings = 0;
			knownRegions = (
				en,
				Base,
			);
			mainGroup = FB4743AB19A54DB400DF3378;
			productRefGroup = FB4743B519A54DB400DF3378 /* Products */;
			projectDirPath = "";
			projectRoot = "";
			targets = (
				FB4743B319A54DB400DF3378 /* RestkitRelationshipMappingBenchmark */,
				FB4743D719A54DB500DF3378 /* RestkitRelationshipMappingBenchmarkTests */,
			);
		};
/* End PBXProject section */

/* Begin PBXResourcesBuildPhase section */
		FB4743B219A54DB400DF3378 /* Resources */ = {
			isa = PBXResourcesBuildPhase;
			buildActionMask = 2147483647;
			files = (
				FB4743CE19A54DB500DF3378 /* Main_iPad.storyboard in Resources */,
				FB4743D319A54DB500DF3378 /* Images.xcassets in Resources */,
				FB4743CB19A54DB500DF3378 /* Main_iPhone.storyboard in Resources */,
				FB47440619A54E1800DF3378 /* 10000_students.json in Resources */,
				FB4743C219A54DB400DF3378 /* InfoPlist.strings in Resources */,
			);
			runOnlyForDeploymentPostprocessing = 0;
		};
		FB4743D619A54DB500DF3378 /* Resources */ = {
			isa = PBXResourcesBuildPhase;
			buildActionMask = 2147483647;
			files = (
				FB396FC619ACEBB200A289D6 /* 1000_students.json in Resources */,
				FB396FC719ACEBB200A289D6 /* 5000_students.json in Resources */,
				FB396FC519ACEBB200A289D6 /* 500_students.json in Resources */,
				FB396FCD19AD0DB200A289D6 /* 10_students.json in Resources */,
				FB396FCC19AD0DB200A289D6 /* 1_students.json in Resources */,
				FB396FCF19AD0DB200A289D6 /* 100_students.json in Resources */,
				FB47440719A54E1800DF3378 /* 10000_students.json in Resources */,
				FB396FCE19AD0DB200A289D6 /* 50_students.json in Resources */,
				FB4743E419A54DB500DF3378 /* InfoPlist.strings in Resources */,
			);
			runOnlyForDeploymentPostprocessing = 0;
		};
/* End PBXResourcesBuildPhase section */

/* Begin PBXShellScriptBuildPhase section */
		253AB2C9869447B9A836F9C1 /* Check Pods Manifest.lock */ = {
			isa = PBXShellScriptBuildPhase;
			buildActionMask = 2147483647;
			files = (
			);
			inputPaths = (
			);
			name = "Check Pods Manifest.lock";
			outputPaths = (
			);
			runOnlyForDeploymentPostprocessing = 0;
			shellPath = /bin/sh;
			shellScript = "diff \"${PODS_ROOT}/../Podfile.lock\" \"${PODS_ROOT}/Manifest.lock\" > /dev/null\nif [[ $? != 0 ]] ; then\n    cat << EOM\nerror: The sandbox is not in sync with the Podfile.lock. Run 'pod install' or update your CocoaPods installation.\nEOM\n    exit 1\nfi\n";
			showEnvVarsInLog = 0;
		};
		A50B05CCEFA9435B9D9C8325 /* Copy Pods Resources */ = {
			isa = PBXShellScriptBuildPhase;
			buildActionMask = 2147483647;
			files = (
			);
			inputPaths = (
			);
			name = "Copy Pods Resources";
			outputPaths = (
			);
			runOnlyForDeploymentPostprocessing = 0;
			shellPath = /bin/sh;
			shellScript = "\"${SRCROOT}/Pods/Pods-resources.sh\"\n";
			showEnvVarsInLog = 0;
		};
/* End PBXShellScriptBuildPhase section */

/* Begin PBXSourcesBuildPhase section */
		FB4743B019A54DB400DF3378 /* Sources */ = {
			isa = PBXSourcesBuildPhase;
			buildActionMask = 2147483647;
			files = (
				FB4743F619A54DFC00DF3378 /* NetworkManager.m in Sources */,
				FBAF246719A65C7F00183686 /* NSDictionary+MapArrayOfDictionariesIntoArrayOfObjects.m in Sources */,
				FB4743D119A54DB500DF3378 /* ViewController.m in Sources */,
				FB4743C819A54DB400DF3378 /* AppDelegate.m in Sources */,
				FB4743FA19A54DFC00DF3378 /* RMBStudent.m in Sources */,
				FB4743F819A54DFC00DF3378 /* RMBClass.m in Sources */,
				FB4743C419A54DB400DF3378 /* main.m in Sources */,
			);
			runOnlyForDeploymentPostprocessing = 0;
		};
		FB4743D419A54DB500DF3378 /* Sources */ = {
			isa = PBXSourcesBuildPhase;
			buildActionMask = 2147483647;
			files = (
				FB4743F719A54DFC00DF3378 /* NetworkManager.m in Sources */,
				FB4743E619A54DB500DF3378 /* RestkitRelationshipMappingBenchmarkTests.m in Sources */,
				FB4743F919A54DFC00DF3378 /* RMBClass.m in Sources */,
				FB4743FB19A54DFC00DF3378 /* RMBStudent.m in Sources */,
			);
			runOnlyForDeploymentPostprocessing = 0;
		};
/* End PBXSourcesBuildPhase section */

/* Begin PBXTargetDependency section */
		FB4743DE19A54DB500DF3378 /* PBXTargetDependency */ = {
			isa = PBXTargetDependency;
			target = FB4743B319A54DB400DF3378 /* RestkitRelationshipMappingBenchmark */;
			targetProxy = FB4743DD19A54DB500DF3378 /* PBXContainerItemProxy */;
		};
/* End PBXTargetDependency section */

/* Begin PBXVariantGroup section */
		FB4743C019A54DB400DF3378 /* InfoPlist.strings */ = {
			isa = PBXVariantGroup;
			children = (
				FB4743C119A54DB400DF3378 /* en */,
			);
			name = InfoPlist.strings;
			sourceTree = "<group>";
		};
		FB4743C919A54DB500DF3378 /* Main_iPhone.storyboard */ = {
			isa = PBXVariantGroup;
			children = (
				FB4743CA19A54DB500DF3378 /* Base */,
			);
			name = Main_iPhone.storyboard;
			sourceTree = "<group>";
		};
		FB4743CC19A54DB500DF3378 /* Main_iPad.storyboard */ = {
			isa = PBXVariantGroup;
			children = (
				FB4743CD19A54DB500DF3378 /* Base */,
			);
			name = Main_iPad.storyboard;
			sourceTree = "<group>";
		};
		FB4743E219A54DB500DF3378 /* InfoPlist.strings */ = {
			isa = PBXVariantGroup;
			children = (
				FB4743E319A54DB500DF3378 /* en */,
			);
			name = InfoPlist.strings;
			sourceTree = "<group>";
		};
/* End PBXVariantGroup section */

/* Begin XCBuildConfiguration section */
		FB4743E719A54DB500DF3378 /* Debug */ = {
			isa = XCBuildConfiguration;
			buildSettings = {
				ALWAYS_SEARCH_USER_PATHS = NO;
				CLANG_CXX_LANGUAGE_STANDARD = "gnu++0x";
				CLANG_CXX_LIBRARY = "libc++";
				CLANG_ENABLE_MODULES = YES;
				CLANG_ENABLE_OBJC_ARC = YES;
				CLANG_WARN_BOOL_CONVERSION = YES;
				CLANG_WARN_CONSTANT_CONVERSION = YES;
				CLANG_WARN_DIRECT_OBJC_ISA_USAGE = YES_ERROR;
				CLANG_WARN_EMPTY_BODY = YES;
				CLANG_WARN_ENUM_CONVERSION = YES;
				CLANG_WARN_INT_CONVERSION = YES;
				CLANG_WARN_OBJC_ROOT_CLASS = YES_ERROR;
				CLANG_WARN__DUPLICATE_METHOD_MATCH = YES;
				"CODE_SIGN_IDENTITY[sdk=iphoneos*]" = "iPhone Developer";
				COPY_PHASE_STRIP = NO;
				GCC_C_LANGUAGE_STANDARD = gnu99;
				GCC_DYNAMIC_NO_PIC = NO;
				GCC_OPTIMIZATION_LEVEL = 0;
				GCC_PREPROCESSOR_DEFINITIONS = (
					"DEBUG=1",
					"$(inherited)",
				);
				GCC_SYMBOLS_PRIVATE_EXTERN = NO;
				GCC_WARN_64_TO_32_BIT_CONVERSION = YES;
				GCC_WARN_ABOUT_RETURN_TYPE = YES_ERROR;
				GCC_WARN_UNDECLARED_SELECTOR = YES;
				GCC_WARN_UNINITIALIZED_AUTOS = YES_AGGRESSIVE;
				GCC_WARN_UNUSED_FUNCTION = YES;
				GCC_WARN_UNUSED_VARIABLE = YES;
				IPHONEOS_DEPLOYMENT_TARGET = 7.1;
				ONLY_ACTIVE_ARCH = YES;
				SDKROOT = iphoneos;
				TARGETED_DEVICE_FAMILY = "1,2";
			};
			name = Debug;
		};
		FB4743E819A54DB500DF3378 /* Release */ = {
			isa = XCBuildConfiguration;
			buildSettings = {
				ALWAYS_SEARCH_USER_PATHS = NO;
				CLANG_CXX_LANGUAGE_STANDARD = "gnu++0x";
				CLANG_CXX_LIBRARY = "libc++";
				CLANG_ENABLE_MODULES = YES;
				CLANG_ENABLE_OBJC_ARC = YES;
				CLANG_WARN_BOOL_CONVERSION = YES;
				CLANG_WARN_CONSTANT_CONVERSION = YES;
				CLANG_WARN_DIRECT_OBJC_ISA_USAGE = YES_ERROR;
				CLANG_WARN_EMPTY_BODY = YES;
				CLANG_WARN_ENUM_CONVERSION = YES;
				CLANG_WARN_INT_CONVERSION = YES;
				CLANG_WARN_OBJC_ROOT_CLASS = YES_ERROR;
				CLANG_WARN__DUPLICATE_METHOD_MATCH = YES;
				"CODE_SIGN_IDENTITY[sdk=iphoneos*]" = "iPhone Developer";
				COPY_PHASE_STRIP = YES;
				ENABLE_NS_ASSERTIONS = NO;
				GCC_C_LANGUAGE_STANDARD = gnu99;
				GCC_WARN_64_TO_32_BIT_CONVERSION = YES;
				GCC_WARN_ABOUT_RETURN_TYPE = YES_ERROR;
				GCC_WARN_UNDECLARED_SELECTOR = YES;
				GCC_WARN_UNINITIALIZED_AUTOS = YES_AGGRESSIVE;
				GCC_WARN_UNUSED_FUNCTION = YES;
				GCC_WARN_UNUSED_VARIABLE = YES;
				IPHONEOS_DEPLOYMENT_TARGET = 7.1;
				SDKROOT = iphoneos;
				TARGETED_DEVICE_FAMILY = "1,2";
				VALIDATE_PRODUCT = YES;
			};
			name = Release;
		};
		FB4743EA19A54DB500DF3378 /* Debug */ = {
			isa = XCBuildConfiguration;
			baseConfigurationReference = 5BC489F79CB547DD8471B403 /* Pods.xcconfig */;
			buildSettings = {
				ASSETCATALOG_COMPILER_APPICON_NAME = AppIcon;
				ASSETCATALOG_COMPILER_LAUNCHIMAGE_NAME = LaunchImage;
				GCC_PRECOMPILE_PREFIX_HEADER = YES;
				GCC_PREFIX_HEADER = "RestkitRelationshipMappingBenchmark/RestkitRelationshipMappingBenchmark-Prefix.pch";
				INFOPLIST_FILE = "RestkitRelationshipMappingBenchmark/RestkitRelationshipMappingBenchmark-Info.plist";
				PRODUCT_NAME = "$(TARGET_NAME)";
				WRAPPER_EXTENSION = app;
			};
			name = Debug;
		};
		FB4743EB19A54DB500DF3378 /* Release */ = {
			isa = XCBuildConfiguration;
			baseConfigurationReference = 5BC489F79CB547DD8471B403 /* Pods.xcconfig */;
			buildSettings = {
				ASSETCATALOG_COMPILER_APPICON_NAME = AppIcon;
				ASSETCATALOG_COMPILER_LAUNCHIMAGE_NAME = LaunchImage;
				GCC_PRECOMPILE_PREFIX_HEADER = YES;
				GCC_PREFIX_HEADER = "RestkitRelationshipMappingBenchmark/RestkitRelationshipMappingBenchmark-Prefix.pch";
				INFOPLIST_FILE = "RestkitRelationshipMappingBenchmark/RestkitRelationshipMappingBenchmark-Info.plist";
				PRODUCT_NAME = "$(TARGET_NAME)";
				WRAPPER_EXTENSION = app;
			};
			name = Release;
		};
		FB4743ED19A54DB500DF3378 /* Debug */ = {
			isa = XCBuildConfiguration;
			baseConfigurationReference = 5BC489F79CB547DD8471B403 /* Pods.xcconfig */;
			buildSettings = {
				BUNDLE_LOADER = "$(BUILT_PRODUCTS_DIR)/RestkitRelationshipMappingBenchmark.app/RestkitRelationshipMappingBenchmark";
				FRAMEWORK_SEARCH_PATHS = (
					"$(SDKROOT)/Developer/Library/Frameworks",
					"$(inherited)",
					"$(DEVELOPER_FRAMEWORKS_DIR)",
				);
				GCC_PRECOMPILE_PREFIX_HEADER = YES;
				GCC_PREFIX_HEADER = "RestkitRelationshipMappingBenchmark/RestkitRelationshipMappingBenchmark-Prefix.pch";
				GCC_PREPROCESSOR_DEFINITIONS = (
					"DEBUG=1",
					"$(inherited)",
				);
				INFOPLIST_FILE = "RestkitRelationshipMappingBenchmarkTests/RestkitRelationshipMappingBenchmarkTests-Info.plist";
				PRODUCT_NAME = "$(TARGET_NAME)";
				TEST_HOST = "$(BUNDLE_LOADER)";
				WRAPPER_EXTENSION = xctest;
			};
			name = Debug;
		};
		FB4743EE19A54DB500DF3378 /* Release */ = {
			isa = XCBuildConfiguration;
			baseConfigurationReference = 5BC489F79CB547DD8471B403 /* Pods.xcconfig */;
			buildSettings = {
				BUNDLE_LOADER = "$(BUILT_PRODUCTS_DIR)/RestkitRelationshipMappingBenchmark.app/RestkitRelationshipMappingBenchmark";
				FRAMEWORK_SEARCH_PATHS = (
					"$(SDKROOT)/Developer/Library/Frameworks",
					"$(inherited)",
					"$(DEVELOPER_FRAMEWORKS_DIR)",
				);
				GCC_PRECOMPILE_PREFIX_HEADER = YES;
				GCC_PREFIX_HEADER = "RestkitRelationshipMappingBenchmark/RestkitRelationshipMappingBenchmark-Prefix.pch";
				INFOPLIST_FILE = "RestkitRelationshipMappingBenchmarkTests/RestkitRelationshipMappingBenchmarkTests-Info.plist";
				PRODUCT_NAME = "$(TARGET_NAME)";
				TEST_HOST = "$(BUNDLE_LOADER)";
				WRAPPER_EXTENSION = xctest;
			};
			name = Release;
		};
/* End XCBuildConfiguration section */

/* Begin XCConfigurationList section */
		FB4743AF19A54DB400DF3378 /* Build configuration list for PBXProject "RestkitRelationshipMappingBenchmark" */ = {
			isa = XCConfigurationList;
			buildConfigurations = (
				FB4743E719A54DB500DF3378 /* Debug */,
				FB4743E819A54DB500DF3378 /* Release */,
			);
			defaultConfigurationIsVisible = 0;
			defaultConfigurationName = Release;
		};
		FB4743E919A54DB500DF3378 /* Build configuration list for PBXNativeTarget "RestkitRelationshipMappingBenchmark" */ = {
			isa = XCConfigurationList;
			buildConfigurations = (
				FB4743EA19A54DB500DF3378 /* Debug */,
				FB4743EB19A54DB500DF3378 /* Release */,
			);
			defaultConfigurationIsVisible = 0;
			defaultConfigurationName = Release;
		};
		FB4743EC19A54DB500DF3378 /* Build configuration list for PBXNativeTarget "RestkitRelationshipMappingBenchmarkTests" */ = {
			isa = XCConfigurationList;
			buildConfigurations = (
				FB4743ED19A54DB500DF3378 /* Debug */,
				FB4743EE19A54DB500DF3378 /* Release */,
			);
			defaultConfigurationIsVisible = 0;
			defaultConfigurationName = Release;
		};
/* End XCConfigurationList section */
	};
	rootObject = FB4743AC19A54DB400DF3378 /* Project object */;
}
